
Microsoft Visual Studio Solution File, Format Version 12.00
# Visual Studio Version 17
VisualStudioVersion = 17.1.32407.343
MinimumVisualStudioVersion = 10.0.40219.1
Project("{9A19103F-16F7-4668-BE54-9A1E7A4F7556}") = "Alan_WarrenDesafio1", "Alan_WarrenDesafio1\Alan_WarrenDesafio1.csproj", "{3AFE1A03-7127-4B44-8A3C-15877C8CB467}"
EndProject
Project("{2150E333-8FDC-42A3-9474-1A3956D46DE8}") = "API", "API", "{38988A20-372D-4CC5-97E5-1B5C01715108}"
EndProject
Project("{FAE04EC0-301F-11D3-BF4B-00C04F79EFBC}") = "DomainModels", "DataModels\DomainModels.csproj", "{1A40B26E-EE84-4BC1-92A5-F8AAAE00AD2F}"
EndProject
Project("{FAE04EC0-301F-11D3-BF4B-00C04F79EFBC}") = "DomainServices", "DataServices\DomainServices.csproj", "{9AF89D6A-3D9A-47BB-B0B2-0C8684C60015}"
EndProject
Project("{FAE04EC0-301F-11D3-BF4B-00C04F79EFBC}") = "AppServices", "AppServices\AppServices.csproj", "{20E9AE8D-4ECA-44AF-BB90-28CD5F7E2B43}"
EndProject
Global
	GlobalSection(SolutionConfigurationPlatforms) = preSolution
		Debug|Any CPU = Debug|Any CPU
		Release|Any CPU = Release|Any CPU
	EndGlobalSection
	GlobalSection(ProjectConfigurationPlatforms) = postSolution
		{3AFE1A03-7127-4B44-8A3C-15877C8CB467}.Debug|Any CPU.ActiveCfg = Debug|Any CPU
		{3AFE1A03-7127-4B44-8A3C-15877C8CB467}.Debug|Any CPU.Build.0 = Debug|Any CPU
		{3AFE1A03-7127-4B44-8A3C-15877C8CB467}.Release|Any CPU.ActiveCfg = Release|Any CPU
		{3AFE1A03-7127-4B44-8A3C-15877C8CB467}.Release|Any CPU.Build.0 = Release|Any CPU
		{1A40B26E-EE84-4BC1-92A5-F8AAAE00AD2F}.Debug|Any CPU.ActiveCfg = Debug|Any CPU
		{1A40B26E-EE84-4BC1-92A5-F8AAAE00AD2F}.Debug|Any CPU.Build.0 = Debug|Any CPU
		{1A40B26E-EE84-4BC1-92A5-F8AAAE00AD2F}.Release|Any CPU.ActiveCfg = Release|Any CPU
		{1A40B26E-EE84-4BC1-92A5-F8AAAE00AD2F}.Release|Any CPU.Build.0 = Release|Any CPU
		{9AF89D6A-3D9A-47BB-B0B2-0C8684C60015}.Debug|Any CPU.ActiveCfg = Debug|Any CPU
		{9AF89D6A-3D9A-47BB-B0B2-0C8684C60015}.Debug|Any CPU.Build.0 = Debug|Any CPU
		{9AF89D6A-3D9A-47BB-B0B2-0C8684C60015}.Release|Any CPU.ActiveCfg = Release|Any CPU
		{9AF89D6A-3D9A-47BB-B0B2-0C8684C60015}.Release|Any CPU.Build.0 = Release|Any CPU
		{20E9AE8D-4ECA-44AF-BB90-28CD5F7E2B43}.Debug|Any CPU.ActiveCfg = Debug|Any CPU
		{20E9AE8D-4ECA-44AF-BB90-28CD5F7E2B43}.Debug|Any CPU.Build.0 = Debug|Any CPU
		{20E9AE8D-4ECA-44AF-BB90-28CD5F7E2B43}.Release|Any CPU.ActiveCfg = Release|Any CPU
		{20E9AE8D-4ECA-44AF-BB90-28CD5F7E2B43}.Release|Any CPU.Build.0 = Release|Any CPU
	EndGlobalSection
	GlobalSection(SolutionProperties) = preSolution
		HideSolutionNode = FALSE
	EndGlobalSection
	GlobalSection(NestedProjects) = preSolution
		{3AFE1A03-7127-4B44-8A3C-15877C8CB467} = {38988A20-372D-4CC5-97E5-1B5C01715108}
	EndGlobalSection
	GlobalSection(ExtensibilityGlobals) = postSolution
		SolutionGuid = {E4A9D37D-F53C-4B76-B726-E56A808FED35}
	EndGlobalSection
EndGlobal
