
Microsoft Visual Studio Solution File, Format Version 12.00
# Visual Studio Version 17
VisualStudioVersion = 17.1.32407.343
MinimumVisualStudioVersion = 10.0.40219.1
Project("{9A19103F-16F7-4668-BE54-9A1E7A4F7556}") = "Alan_WarrenDesafio1", "Alan_WarrenDesafio1\Alan_WarrenDesafio1.csproj", "{3AFE1A03-7127-4B44-8A3C-15877C8CB467}"
EndProject
Project("{2150E333-8FDC-42A3-9474-1A3956D46DE8}") = "Web", "Web", "{38988A20-372D-4CC5-97E5-1B5C01715108}"
EndProject
Project("{9A19103F-16F7-4668-BE54-9A1E7A4F7556}") = "Application.Models", "Application.Models\Application.Models.csproj", "{2571F633-E1F1-484D-9C9F-D8194B97DEBD}"
EndProject
Project("{9A19103F-16F7-4668-BE54-9A1E7A4F7556}") = "Infrastructure", "Infrastructure\Infrastructure.csproj", "{C43EDB52-37F3-4060-B99A-F4DB90BC2D78}"
EndProject
Project("{9A19103F-16F7-4668-BE54-9A1E7A4F7556}") = "Infrastructure.Data", "Infrastructure.Data\Infrastructure.Data.csproj", "{D77311CF-D106-4C80-BE77-BF4530A6B98E}"
EndProject
Project("{9A19103F-16F7-4668-BE54-9A1E7A4F7556}") = "Domain.Services", "Domain.Services\Domain.Services.csproj", "{C5C715B5-9C19-4F8E-BF12-34046250D1D1}"
EndProject
Project("{9A19103F-16F7-4668-BE54-9A1E7A4F7556}") = "Application", "Application\Application.csproj", "{C0B34D71-B7E1-4CF4-92ED-2C1A61389089}"
EndProject
Project("{9A19103F-16F7-4668-BE54-9A1E7A4F7556}") = "Domain.Models", "Domain.Models\Domain.Models.csproj", "{8AFA14EB-189D-4CED-B470-CF16F4C677B0}"
EndProject
Global
	GlobalSection(SolutionConfigurationPlatforms) = preSolution
		Debug|Any CPU = Debug|Any CPU
		Release|Any CPU = Release|Any CPU
	EndGlobalSection
	GlobalSection(ProjectConfigurationPlatforms) = postSolution
		{3AFE1A03-7127-4B44-8A3C-15877C8CB467}.Debug|Any CPU.ActiveCfg = Debug|Any CPU
		{3AFE1A03-7127-4B44-8A3C-15877C8CB467}.Debug|Any CPU.Build.0 = Debug|Any CPU
		{3AFE1A03-7127-4B44-8A3C-15877C8CB467}.Release|Any CPU.ActiveCfg = Release|Any CPU
		{3AFE1A03-7127-4B44-8A3C-15877C8CB467}.Release|Any CPU.Build.0 = Release|Any CPU
		{2571F633-E1F1-484D-9C9F-D8194B97DEBD}.Debug|Any CPU.ActiveCfg = Debug|Any CPU
		{2571F633-E1F1-484D-9C9F-D8194B97DEBD}.Debug|Any CPU.Build.0 = Debug|Any CPU
		{2571F633-E1F1-484D-9C9F-D8194B97DEBD}.Release|Any CPU.ActiveCfg = Release|Any CPU
		{2571F633-E1F1-484D-9C9F-D8194B97DEBD}.Release|Any CPU.Build.0 = Release|Any CPU
		{C43EDB52-37F3-4060-B99A-F4DB90BC2D78}.Debug|Any CPU.ActiveCfg = Debug|Any CPU
		{C43EDB52-37F3-4060-B99A-F4DB90BC2D78}.Debug|Any CPU.Build.0 = Debug|Any CPU
		{C43EDB52-37F3-4060-B99A-F4DB90BC2D78}.Release|Any CPU.ActiveCfg = Release|Any CPU
		{C43EDB52-37F3-4060-B99A-F4DB90BC2D78}.Release|Any CPU.Build.0 = Release|Any CPU
		{D77311CF-D106-4C80-BE77-BF4530A6B98E}.Debug|Any CPU.ActiveCfg = Debug|Any CPU
		{D77311CF-D106-4C80-BE77-BF4530A6B98E}.Debug|Any CPU.Build.0 = Debug|Any CPU
		{D77311CF-D106-4C80-BE77-BF4530A6B98E}.Release|Any CPU.ActiveCfg = Release|Any CPU
		{D77311CF-D106-4C80-BE77-BF4530A6B98E}.Release|Any CPU.Build.0 = Release|Any CPU
		{C5C715B5-9C19-4F8E-BF12-34046250D1D1}.Debug|Any CPU.ActiveCfg = Debug|Any CPU
		{C5C715B5-9C19-4F8E-BF12-34046250D1D1}.Debug|Any CPU.Build.0 = Debug|Any CPU
		{C5C715B5-9C19-4F8E-BF12-34046250D1D1}.Release|Any CPU.ActiveCfg = Release|Any CPU
		{C5C715B5-9C19-4F8E-BF12-34046250D1D1}.Release|Any CPU.Build.0 = Release|Any CPU
		{C0B34D71-B7E1-4CF4-92ED-2C1A61389089}.Debug|Any CPU.ActiveCfg = Debug|Any CPU
		{C0B34D71-B7E1-4CF4-92ED-2C1A61389089}.Debug|Any CPU.Build.0 = Debug|Any CPU
		{C0B34D71-B7E1-4CF4-92ED-2C1A61389089}.Release|Any CPU.ActiveCfg = Release|Any CPU
		{C0B34D71-B7E1-4CF4-92ED-2C1A61389089}.Release|Any CPU.Build.0 = Release|Any CPU
		{8AFA14EB-189D-4CED-B470-CF16F4C677B0}.Debug|Any CPU.ActiveCfg = Debug|Any CPU
		{8AFA14EB-189D-4CED-B470-CF16F4C677B0}.Debug|Any CPU.Build.0 = Debug|Any CPU
		{8AFA14EB-189D-4CED-B470-CF16F4C677B0}.Release|Any CPU.ActiveCfg = Release|Any CPU
		{8AFA14EB-189D-4CED-B470-CF16F4C677B0}.Release|Any CPU.Build.0 = Release|Any CPU
	EndGlobalSection
	GlobalSection(SolutionProperties) = preSolution
		HideSolutionNode = FALSE
	EndGlobalSection
	GlobalSection(NestedProjects) = preSolution
		{3AFE1A03-7127-4B44-8A3C-15877C8CB467} = {38988A20-372D-4CC5-97E5-1B5C01715108}
	EndGlobalSection
	GlobalSection(ExtensibilityGlobals) = postSolution
		SolutionGuid = {E4A9D37D-F53C-4B76-B726-E56A808FED35}
	EndGlobalSection
EndGlobal
