
Microsoft Visual Studio Solution File, Format Version 12.00
# Visual Studio Version 17
VisualStudioVersion = 17.1.32407.343
MinimumVisualStudioVersion = 10.0.40219.1
Project("{9A19103F-16F7-4668-BE54-9A1E7A4F7556}") = "Alan_WarrenDesafio1", "Alan_WarrenDesafio1\Alan_WarrenDesafio1.csproj", "{3AFE1A03-7127-4B44-8A3C-15877C8CB467}"
EndProject
Project("{9A19103F-16F7-4668-BE54-9A1E7A4F7556}") = "Application.Models", "Application.Models\Application.Models.csproj", "{2571F633-E1F1-484D-9C9F-D8194B97DEBD}"
EndProject
Project("{9A19103F-16F7-4668-BE54-9A1E7A4F7556}") = "Infrastructure.Data", "Infrastructure.Data\Infrastructure.Data.csproj", "{D77311CF-D106-4C80-BE77-BF4530A6B98E}"
EndProject
Project("{9A19103F-16F7-4668-BE54-9A1E7A4F7556}") = "Domain.Services", "Domain.Services\Domain.Services.csproj", "{C5C715B5-9C19-4F8E-BF12-34046250D1D1}"
EndProject
Project("{9A19103F-16F7-4668-BE54-9A1E7A4F7556}") = "Application", "Application\Application.csproj", "{C0B34D71-B7E1-4CF4-92ED-2C1A61389089}"
EndProject
Project("{9A19103F-16F7-4668-BE54-9A1E7A4F7556}") = "Domain.Models", "Domain.Models\Domain.Models.csproj", "{8AFA14EB-189D-4CED-B470-CF16F4C677B0}"
EndProject
Project("{2150E333-8FDC-42A3-9474-1A3956D46DE8}") = "Aplicação", "Aplicação", "{A027FAAC-E7C9-45D9-A420-63FD50C88BEE}"
EndProject
Project("{2150E333-8FDC-42A3-9474-1A3956D46DE8}") = "Dominio", "Dominio", "{6E613F8E-1002-4A6C-8373-2987B093EEA8}"
EndProject
Project("{2150E333-8FDC-42A3-9474-1A3956D46DE8}") = "Infraestrutura", "Infraestrutura", "{852DA185-3B7E-42A1-A2C8-8A1D6CF914F4}"
EndProject
Project("{2150E333-8FDC-42A3-9474-1A3956D46DE8}") = "Serviços", "Serviços", "{3FEA423C-322D-4A5B-8F7C-94126E49E0F7}"
EndProject
Project("{2150E333-8FDC-42A3-9474-1A3956D46DE8}") = "Web", "Web", "{9A61478F-7C0B-444C-A7F6-EC397CD34001}"
EndProject
Project("{2150E333-8FDC-42A3-9474-1A3956D46DE8}") = "Data", "Data", "{D76EC1FB-66C8-4BE5-9956-C453BDA26F91}"
EndProject
Project("{2150E333-8FDC-42A3-9474-1A3956D46DE8}") = "CrossCutting", "CrossCutting", "{2722654D-933C-4DF7-83C4-04111429C601}"
EndProject
Project("{9A19103F-16F7-4668-BE54-9A1E7A4F7556}") = "Infrastructure", "Infrastructure\Infrastructure.csproj", "{F8ABC62B-234B-496C-9403-F746D48A1458}"
EndProject
Global
	GlobalSection(SolutionConfigurationPlatforms) = preSolution
		Debug|Any CPU = Debug|Any CPU
		Release|Any CPU = Release|Any CPU
	EndGlobalSection
	GlobalSection(ProjectConfigurationPlatforms) = postSolution
		{3AFE1A03-7127-4B44-8A3C-15877C8CB467}.Debug|Any CPU.ActiveCfg = Debug|Any CPU
		{3AFE1A03-7127-4B44-8A3C-15877C8CB467}.Debug|Any CPU.Build.0 = Debug|Any CPU
		{3AFE1A03-7127-4B44-8A3C-15877C8CB467}.Release|Any CPU.ActiveCfg = Release|Any CPU
		{3AFE1A03-7127-4B44-8A3C-15877C8CB467}.Release|Any CPU.Build.0 = Release|Any CPU
		{2571F633-E1F1-484D-9C9F-D8194B97DEBD}.Debug|Any CPU.ActiveCfg = Debug|Any CPU
		{2571F633-E1F1-484D-9C9F-D8194B97DEBD}.Debug|Any CPU.Build.0 = Debug|Any CPU
		{2571F633-E1F1-484D-9C9F-D8194B97DEBD}.Release|Any CPU.ActiveCfg = Release|Any CPU
		{2571F633-E1F1-484D-9C9F-D8194B97DEBD}.Release|Any CPU.Build.0 = Release|Any CPU
		{D77311CF-D106-4C80-BE77-BF4530A6B98E}.Debug|Any CPU.ActiveCfg = Debug|Any CPU
		{D77311CF-D106-4C80-BE77-BF4530A6B98E}.Debug|Any CPU.Build.0 = Debug|Any CPU
		{D77311CF-D106-4C80-BE77-BF4530A6B98E}.Release|Any CPU.ActiveCfg = Release|Any CPU
		{D77311CF-D106-4C80-BE77-BF4530A6B98E}.Release|Any CPU.Build.0 = Release|Any CPU
		{C5C715B5-9C19-4F8E-BF12-34046250D1D1}.Debug|Any CPU.ActiveCfg = Debug|Any CPU
		{C5C715B5-9C19-4F8E-BF12-34046250D1D1}.Debug|Any CPU.Build.0 = Debug|Any CPU
		{C5C715B5-9C19-4F8E-BF12-34046250D1D1}.Release|Any CPU.ActiveCfg = Release|Any CPU
		{C5C715B5-9C19-4F8E-BF12-34046250D1D1}.Release|Any CPU.Build.0 = Release|Any CPU
		{C0B34D71-B7E1-4CF4-92ED-2C1A61389089}.Debug|Any CPU.ActiveCfg = Debug|Any CPU
		{C0B34D71-B7E1-4CF4-92ED-2C1A61389089}.Debug|Any CPU.Build.0 = Debug|Any CPU
		{C0B34D71-B7E1-4CF4-92ED-2C1A61389089}.Release|Any CPU.ActiveCfg = Release|Any CPU
		{C0B34D71-B7E1-4CF4-92ED-2C1A61389089}.Release|Any CPU.Build.0 = Release|Any CPU
		{8AFA14EB-189D-4CED-B470-CF16F4C677B0}.Debug|Any CPU.ActiveCfg = Debug|Any CPU
		{8AFA14EB-189D-4CED-B470-CF16F4C677B0}.Debug|Any CPU.Build.0 = Debug|Any CPU
		{8AFA14EB-189D-4CED-B470-CF16F4C677B0}.Release|Any CPU.ActiveCfg = Release|Any CPU
		{8AFA14EB-189D-4CED-B470-CF16F4C677B0}.Release|Any CPU.Build.0 = Release|Any CPU
		{F8ABC62B-234B-496C-9403-F746D48A1458}.Debug|Any CPU.ActiveCfg = Debug|Any CPU
		{F8ABC62B-234B-496C-9403-F746D48A1458}.Debug|Any CPU.Build.0 = Debug|Any CPU
		{F8ABC62B-234B-496C-9403-F746D48A1458}.Release|Any CPU.ActiveCfg = Release|Any CPU
		{F8ABC62B-234B-496C-9403-F746D48A1458}.Release|Any CPU.Build.0 = Release|Any CPU
	EndGlobalSection
	GlobalSection(SolutionProperties) = preSolution
		HideSolutionNode = FALSE
	EndGlobalSection
	GlobalSection(NestedProjects) = preSolution
		{3AFE1A03-7127-4B44-8A3C-15877C8CB467} = {9A61478F-7C0B-444C-A7F6-EC397CD34001}
		{2571F633-E1F1-484D-9C9F-D8194B97DEBD} = {A027FAAC-E7C9-45D9-A420-63FD50C88BEE}
		{D77311CF-D106-4C80-BE77-BF4530A6B98E} = {D76EC1FB-66C8-4BE5-9956-C453BDA26F91}
		{C5C715B5-9C19-4F8E-BF12-34046250D1D1} = {6E613F8E-1002-4A6C-8373-2987B093EEA8}
		{C0B34D71-B7E1-4CF4-92ED-2C1A61389089} = {A027FAAC-E7C9-45D9-A420-63FD50C88BEE}
		{8AFA14EB-189D-4CED-B470-CF16F4C677B0} = {6E613F8E-1002-4A6C-8373-2987B093EEA8}
		{9A61478F-7C0B-444C-A7F6-EC397CD34001} = {3FEA423C-322D-4A5B-8F7C-94126E49E0F7}
		{D76EC1FB-66C8-4BE5-9956-C453BDA26F91} = {852DA185-3B7E-42A1-A2C8-8A1D6CF914F4}
		{2722654D-933C-4DF7-83C4-04111429C601} = {852DA185-3B7E-42A1-A2C8-8A1D6CF914F4}
		{F8ABC62B-234B-496C-9403-F746D48A1458} = {2722654D-933C-4DF7-83C4-04111429C601}
	EndGlobalSection
	GlobalSection(ExtensibilityGlobals) = postSolution
		SolutionGuid = {E4A9D37D-F53C-4B76-B726-E56A808FED35}
	EndGlobalSection
EndGlobal
